{
  "requires": true,
  "lockfileVersion": 1,
  "devDependencies": {
    "acorn": {
      "version": "8.0.1",
      "resolved": "https://registry.npmjs.org/acorn/-/acorn-8.0.1.tgz",
      "integrity": "sha512-dmKn4pqZ29iQl2Pvze1zTrps2luvls2PBY//neO2WJ0s10B3AxJXshN+Ph7B4GrhfGhHXrl4dnUwyNNXQcnWGQ=="
    },
    "meriyah": {
      "version": "2.1.1",
      "resolved": "https://registry.npmjs.org/meriyah/-/meriyah-2.1.1.tgz",
      "integrity": "sha512-Z9W+J5zeYY7lb9AQml90o6+HmP6qfs3PfM460eoD+EudNbM9wbnUQ/7Ko2S2SqR4EaaPIb6eI56qG2/KB7kByA=="
    },
    "minimist": {
      "version": "1.2.5",
      "resolved": "https://registry.npmjs.org/minimist/-/minimist-1.2.5.tgz",
      "integrity": "sha512-FM9nNUYrRBAELZQT3xeZQ7fmMOBg6nWNmJKTcgsJeaLstP/UODVpGsr5OhXhhXg6f+qtJ8uiZ+PUxkDWcgIXLw=="
    },
    "requirejs": {
      "version": "2.3.6",
      "resolved": "https://registry.npmjs.org/requirejs/-/requirejs-2.3.6.tgz",
      "integrity": "sha512-ipEzlWQe6RK3jkzikgCupiTbTvm4S0/CAU5GlgptkN5SO6F3u0UD0K18wy6ErDqiCyP4J4YYe1HuAShvsxePLg=="
    },
    "test262-parser-tests": {
      "version": "0.0.5",
      "resolved": "https://registry.npmjs.org/test262-parser-tests/-/test262-parser-tests-0.0.5.tgz",
      "integrity": "sha512-hg5TBO+rDo/aJy1XgHPIkcChIeLjD0kx/g37LtYmZuPR3WHabRpD1M3iY0m2C3eNk+HAlWiB09Wfc5jd9X8i7A==",
      "dev": true
    }
  }
}
